
Microsoft Visual Studio Solution File, Format Version 12.00
# Visual Studio 15
VisualStudioVersion = 15.0.27130.0
MinimumVisualStudioVersion = 10.0.40219.1
Project("{FAE04EC0-301F-11D3-BF4B-00C04F79EFBC}") = "assignment", "assignment\assignment.csproj", "{6D29215F-CC30-457A-8727-0907AEF113E8}"
EndProject
Project("{FAE04EC0-301F-11D3-BF4B-00C04F79EFBC}") = "Bugtracktests", "Bugtracktests\Bugtracktests.csproj", "{ACEFB921-8494-42BE-A449-9E27487129FB}"
EndProject
Project("{FAE04EC0-301F-11D3-BF4B-00C04F79EFBC}") = "assignmentTests", "assignmentTests\assignmentTests.csproj", "{0786AC4A-4843-4C84-96CD-4F7C65D82DF9}"
EndProject
Global
	GlobalSection(SolutionConfigurationPlatforms) = preSolution
		Debug|Any CPU = Debug|Any CPU
		Release|Any CPU = Release|Any CPU
	EndGlobalSection
	GlobalSection(ProjectConfigurationPlatforms) = postSolution
		{6D29215F-CC30-457A-8727-0907AEF113E8}.Debug|Any CPU.ActiveCfg = Debug|Any CPU
		{6D29215F-CC30-457A-8727-0907AEF113E8}.Debug|Any CPU.Build.0 = Debug|Any CPU
		{6D29215F-CC30-457A-8727-0907AEF113E8}.Release|Any CPU.ActiveCfg = Release|Any CPU
		{6D29215F-CC30-457A-8727-0907AEF113E8}.Release|Any CPU.Build.0 = Release|Any CPU
		{ACEFB921-8494-42BE-A449-9E27487129FB}.Debug|Any CPU.ActiveCfg = Debug|Any CPU
		{ACEFB921-8494-42BE-A449-9E27487129FB}.Debug|Any CPU.Build.0 = Debug|Any CPU
		{ACEFB921-8494-42BE-A449-9E27487129FB}.Release|Any CPU.ActiveCfg = Release|Any CPU
		{ACEFB921-8494-42BE-A449-9E27487129FB}.Release|Any CPU.Build.0 = Release|Any CPU
		{0786AC4A-4843-4C84-96CD-4F7C65D82DF9}.Debug|Any CPU.ActiveCfg = Debug|Any CPU
		{0786AC4A-4843-4C84-96CD-4F7C65D82DF9}.Debug|Any CPU.Build.0 = Debug|Any CPU
		{0786AC4A-4843-4C84-96CD-4F7C65D82DF9}.Release|Any CPU.ActiveCfg = Release|Any CPU
		{0786AC4A-4843-4C84-96CD-4F7C65D82DF9}.Release|Any CPU.Build.0 = Release|Any CPU
	EndGlobalSection
	GlobalSection(SolutionProperties) = preSolution
		HideSolutionNode = FALSE
	EndGlobalSection
	GlobalSection(ExtensibilityGlobals) = postSolution
		SolutionGuid = {6F48BB1F-8F9D-44D0-A328-E22E3EE06966}
	EndGlobalSection
EndGlobal
